
Microsoft Visual Studio Solution File, Format Version 12.00
# Visual Studio Version 17
VisualStudioVersion = 17.8.34511.84
MinimumVisualStudioVersion = 10.0.40219.1
Project("{FAE04EC0-301F-11D3-BF4B-00C04F79EFBC}") = "ATV3_CJ3022447", "ATV3_CJ3022447\ATV3_CJ3022447.csproj", "{3828FBDD-A975-4B01-9B69-548C7BA1E991}"
EndProject
Global
	GlobalSection(SolutionConfigurationPlatforms) = preSolution
		Debug|Any CPU = Debug|Any CPU
		Release|Any CPU = Release|Any CPU
	EndGlobalSection
	GlobalSection(ProjectConfigurationPlatforms) = postSolution
		{3828FBDD-A975-4B01-9B69-548C7BA1E991}.Debug|Any CPU.ActiveCfg = Debug|Any CPU
		{3828FBDD-A975-4B01-9B69-548C7BA1E991}.Debug|Any CPU.Build.0 = Debug|Any CPU
		{3828FBDD-A975-4B01-9B69-548C7BA1E991}.Release|Any CPU.ActiveCfg = Release|Any CPU
		{3828FBDD-A975-4B01-9B69-548C7BA1E991}.Release|Any CPU.Build.0 = Release|Any CPU
	EndGlobalSection
	GlobalSection(SolutionProperties) = preSolution
		HideSolutionNode = FALSE
	EndGlobalSection
	GlobalSection(ExtensibilityGlobals) = postSolution
		SolutionGuid = {62AF998C-178E-4E6D-9439-DEE9A8E174B3}
	EndGlobalSection
EndGlobal
